
Microsoft Visual Studio Solution File, Format Version 12.00
Project("{FAE04EC0-301F-11D3-BF4B-00C04F79EFBC}") = "Linq2db_2_9_8", "Linq2db_2_9_8\Linq2db_2_9_8.csproj", "{CDF3ED41-06A9-4A98-BA36-DD6737688B0D}"
EndProject
Project("{FAE04EC0-301F-11D3-BF4B-00C04F79EFBC}") = "Linq2db_3_1_6", "Linq2db_3_1_6\Linq2db_3_1_6.csproj", "{509B79B7-A979-4F59-9655-4C68310946CF}"
EndProject
Global
	GlobalSection(SolutionConfigurationPlatforms) = preSolution
		Debug|Any CPU = Debug|Any CPU
		Release|Any CPU = Release|Any CPU
	EndGlobalSection
	GlobalSection(ProjectConfigurationPlatforms) = postSolution
		{CDF3ED41-06A9-4A98-BA36-DD6737688B0D}.Debug|Any CPU.ActiveCfg = Debug|Any CPU
		{CDF3ED41-06A9-4A98-BA36-DD6737688B0D}.Debug|Any CPU.Build.0 = Debug|Any CPU
		{CDF3ED41-06A9-4A98-BA36-DD6737688B0D}.Release|Any CPU.ActiveCfg = Release|Any CPU
		{CDF3ED41-06A9-4A98-BA36-DD6737688B0D}.Release|Any CPU.Build.0 = Release|Any CPU
		{509B79B7-A979-4F59-9655-4C68310946CF}.Debug|Any CPU.ActiveCfg = Debug|Any CPU
		{509B79B7-A979-4F59-9655-4C68310946CF}.Debug|Any CPU.Build.0 = Debug|Any CPU
		{509B79B7-A979-4F59-9655-4C68310946CF}.Release|Any CPU.ActiveCfg = Release|Any CPU
		{509B79B7-A979-4F59-9655-4C68310946CF}.Release|Any CPU.Build.0 = Release|Any CPU
	EndGlobalSection
EndGlobal
